
Microsoft Visual Studio Solution File, Format Version 12.00
# Visual Studio Version 17
VisualStudioVersion = 17.8.34511.84
MinimumVisualStudioVersion = 10.0.40219.1
Project("{FAE04EC0-301F-11D3-BF4B-00C04F79EFBC}") = "RubiksCube.Core", "RubiksCube.Core\RubiksCube.Core.csproj", "{683AC524-D316-4EDD-AEF5-436C5E9EE623}"
EndProject
Project("{FAE04EC0-301F-11D3-BF4B-00C04F79EFBC}") = "RubiksCube.JsonDataProvider", "RubiksCube.JsonDataProvider\RubiksCube.JsonDataProvider.csproj", "{AC26379C-08B1-4574-A174-62A7524B1191}"
EndProject
Global
	GlobalSection(SolutionConfigurationPlatforms) = preSolution
		Debug|Any CPU = Debug|Any CPU
		Release|Any CPU = Release|Any CPU
	EndGlobalSection
	GlobalSection(ProjectConfigurationPlatforms) = postSolution
		{683AC524-D316-4EDD-AEF5-436C5E9EE623}.Debug|Any CPU.ActiveCfg = Debug|Any CPU
		{683AC524-D316-4EDD-AEF5-436C5E9EE623}.Debug|Any CPU.Build.0 = Debug|Any CPU
		{683AC524-D316-4EDD-AEF5-436C5E9EE623}.Release|Any CPU.ActiveCfg = Release|Any CPU
		{683AC524-D316-4EDD-AEF5-436C5E9EE623}.Release|Any CPU.Build.0 = Release|Any CPU
		{AC26379C-08B1-4574-A174-62A7524B1191}.Debug|Any CPU.ActiveCfg = Debug|Any CPU
		{AC26379C-08B1-4574-A174-62A7524B1191}.Debug|Any CPU.Build.0 = Debug|Any CPU
		{AC26379C-08B1-4574-A174-62A7524B1191}.Release|Any CPU.ActiveCfg = Release|Any CPU
		{AC26379C-08B1-4574-A174-62A7524B1191}.Release|Any CPU.Build.0 = Release|Any CPU
	EndGlobalSection
	GlobalSection(SolutionProperties) = preSolution
		HideSolutionNode = FALSE
	EndGlobalSection
	GlobalSection(ExtensibilityGlobals) = postSolution
		SolutionGuid = {1D23A7FA-6522-4508-92FE-D2865D3CD58E}
	EndGlobalSection
EndGlobal
